
Microsoft Visual Studio Solution File, Format Version 12.00
# Visual Studio 15
VisualStudioVersion = 15.0.28307.1000
MinimumVisualStudioVersion = 10.0.40219.1
Project("{FAE04EC0-301F-11D3-BF4B-00C04F79EFBC}") = "TIPServer", "TIPServer.csproj", "{87EEFBFF-E5A9-447E-A519-A552A7CDD3B3}"
EndProject
Global
	GlobalSection(SolutionConfigurationPlatforms) = preSolution
		Debug|Any CPU = Debug|Any CPU
		Release|Any CPU = Release|Any CPU
	EndGlobalSection
	GlobalSection(ProjectConfigurationPlatforms) = postSolution
		{87EEFBFF-E5A9-447E-A519-A552A7CDD3B3}.Debug|Any CPU.ActiveCfg = Debug|Any CPU
		{87EEFBFF-E5A9-447E-A519-A552A7CDD3B3}.Debug|Any CPU.Build.0 = Debug|Any CPU
		{87EEFBFF-E5A9-447E-A519-A552A7CDD3B3}.Release|Any CPU.ActiveCfg = Release|Any CPU
		{87EEFBFF-E5A9-447E-A519-A552A7CDD3B3}.Release|Any CPU.Build.0 = Release|Any CPU
	EndGlobalSection
	GlobalSection(SolutionProperties) = preSolution
		HideSolutionNode = FALSE
	EndGlobalSection
	GlobalSection(ExtensibilityGlobals) = postSolution
		SolutionGuid = {EFB6CC4D-161A-4D74-9CFC-5B12B18BA9E8}
	EndGlobalSection
EndGlobal
